github.com/xo/terminfo v0.0.0-20220910002029-abceb7e1c41e h1:JVG44RsyaB9T2KIHavMF/ppJZNG9ZpyihvCd0w101no=
github.com/xo/terminfo v0.0.0-20220910002029-abceb7e1c41e/go.mod h1:RbqR21r5mrJuqunuUZ/Dhy/avygyECGrLceyNeo4LiM=
github.com/zhangyiming748/GetAllFolder v0.0.2 h1:eck7nj2MDBzU7c1npvLJ7nzCORXnn3WmZcz31C1HWto=
github.com/zhangyiming748/GetAllFolder v0.0.2/go.mod h1:moC0JZv3ysz/ZJfBK7jSVd0fXSZyrkuz5InFlyOeCJ4=
github.com/zhangyiming748/GetFileInfo v0.0.2 h1:M0CdO3I+v9Bk6YeVdex+OQQXzmp47jbrTJAj2AvNeTw=
github.com/zhangyiming748/GetFileInfo v0.0.2/go.mod h1:FHAHhkZ6Y8qMUIziCg5DgZH/rZ8U9k+199IoVjhC9ug=
github.com/zhangyiming748/getInfo v0.0.4 h1:DckFZS4+re2HjDOdPF+bYlg/VLt/qQBpINCRnwqNKkY=
github.com/zhangyiming748/getInfo v0.0.4/go.mod h1:tYQITf2hn6nYAucVM8WlRYIvNMmvxYgf1IV1ZRgkKUQ=
github.com/zhangyiming748/log v0.0.3 h1:SL2zmxLElyuT4AyVegxm2hEPT1ZAw6V0J5kRIUjKEss=
github.com/zhangyiming748/log v0.0.3/go.mod h1:0AuXMXYc1C1Q1nH2H4vipsrOTfANNf4oaZtDcT2GKk4=
github.com/zhangyiming748/pretty v0.0.3 h1:D1/0m0OcQasOhvJZ8ljRPnfhzObar+uNu0dr20rCUrM=
github.com/zhangyiming748/pretty v0.0.3/go.mod h1:UNeXtfK5L4hkgUmOgWSUkCpvYmO5pnjwtDM/FiyLOSs=
github.com/zhangyiming748/replace v0.0.4 h1:MttKBU+2pFNofExc1oUY0vaEsRV0lGiAyPSdyIn7/Co=
github.com/zhangyiming748/replace v0.0.4/go.mod h1:R3otYn+0qxaHOVaz0LafMwoDjhTexJijrLgfcDyOYCQ=
github.com/zhangyiming748/voiceAlert v0.0.10 h1:xnUtOU1C1trDJRP+O8bpljSUXshTj8QsaQ7S5tlujlM=
github.com/zhangyiming748/voiceAlert v0.0.10/go.mod h1:oFew7f5AXzL8UyEuXF2iEcmyK31x3zaIMUJzDxWEQug=
golang.org/x/sys v0.4.0 h1:Zr2JFtRQNX3BCZ8YtxRE9hNJYC8J6I1MVbMg6owUp18=
golang.org/x/sys v0.4.0/go.mod h1:oPkhp1MJrh7nUepCBck5+mAzfO9JrbApNNgaTdGDITg=
golang.org/x/text v0.6.0 h1:3XmdazWV+ubf7QgHSTWeykHOci5oeekaGJBLkrkaw4k=
golang.org/x/text v0.6.0/go.mod h1:mrYo+phRRbMaCq/xk9113O4dZlRixOauAjOtrjsXDZ8=
